
Microsoft Visual Studio Solution File, Format Version 12.00
# Visual Studio Version 17
VisualStudioVersion = 17.13.35617.110
MinimumVisualStudioVersion = 10.0.40219.1
Project("{FAE04EC0-301F-11D3-BF4B-00C04F79EFBC}") = "ToDoList", "ToDoList.csproj", "{6FB6639B-9F25-4350-AA7C-D2120AB31FD8}"
	ProjectSection(ProjectDependencies) = postProject
		{373F32A0-81C3-46B6-A4B8-DC925F37165F} = {373F32A0-81C3-46B6-A4B8-DC925F37165F}
	EndProjectSection
EndProject
Project("{FAE04EC0-301F-11D3-BF4B-00C04F79EFBC}") = "TaskManager.Db", "..\TaskManager.Db\TaskManager.Db.csproj", "{373F32A0-81C3-46B6-A4B8-DC925F37165F}"
EndProject
Global
	GlobalSection(SolutionConfigurationPlatforms) = preSolution
		Debug|Any CPU = Debug|Any CPU
		Release|Any CPU = Release|Any CPU
	EndGlobalSection
	GlobalSection(ProjectConfigurationPlatforms) = postSolution
		{6FB6639B-9F25-4350-AA7C-D2120AB31FD8}.Debug|Any CPU.ActiveCfg = Debug|Any CPU
		{6FB6639B-9F25-4350-AA7C-D2120AB31FD8}.Debug|Any CPU.Build.0 = Debug|Any CPU
		{6FB6639B-9F25-4350-AA7C-D2120AB31FD8}.Release|Any CPU.ActiveCfg = Release|Any CPU
		{6FB6639B-9F25-4350-AA7C-D2120AB31FD8}.Release|Any CPU.Build.0 = Release|Any CPU
		{373F32A0-81C3-46B6-A4B8-DC925F37165F}.Debug|Any CPU.ActiveCfg = Debug|Any CPU
		{373F32A0-81C3-46B6-A4B8-DC925F37165F}.Debug|Any CPU.Build.0 = Debug|Any CPU
		{373F32A0-81C3-46B6-A4B8-DC925F37165F}.Release|Any CPU.ActiveCfg = Release|Any CPU
		{373F32A0-81C3-46B6-A4B8-DC925F37165F}.Release|Any CPU.Build.0 = Release|Any CPU
	EndGlobalSection
	GlobalSection(SolutionProperties) = preSolution
		HideSolutionNode = FALSE
	EndGlobalSection
	GlobalSection(ExtensibilityGlobals) = postSolution
		SolutionGuid = {141EB59F-48F3-40FA-A137-2D79E583E7BE}
	EndGlobalSection
EndGlobal
